// !$*UTF8*$!
{
	archiveVersion = 1;
	classes = {
	};
	objectVersion = 50;
	objects = {

/* Begin PBXBuildFile section */
		3B07F455212E4D210036FD87 /* AppDelegate.swift in Sources */ = {isa = PBXBuildFile; fileRef = 3B07F454212E4D210036FD87 /* AppDelegate.swift */; };
		3B07F457212E4D210036FD87 /* ViewController.swift in Sources */ = {isa = PBXBuildFile; fileRef = 3B07F456212E4D210036FD87 /* ViewController.swift */; };
		3B07F45A212E4D210036FD87 /* Main.storyboard in Resources */ = {isa = PBXBuildFile; fileRef = 3B07F458212E4D210036FD87 /* Main.storyboard */; };
		3B07F45C212E4D220036FD87 /* Assets.xcassets in Resources */ = {isa = PBXBuildFile; fileRef = 3B07F45B212E4D220036FD87 /* Assets.xcassets */; };
		3B07F45F212E4D220036FD87 /* LaunchScreen.storyboard in Resources */ = {isa = PBXBuildFile; fileRef = 3B07F45D212E4D220036FD87 /* LaunchScreen.storyboard */; };
		3B07F46A212E4D230036FD87 /* BaiduMapDemoTests.swift in Sources */ = {isa = PBXBuildFile; fileRef = 3B07F469212E4D230036FD87 /* BaiduMapDemoTests.swift */; };
		3B07F475212E4D230036FD87 /* BaiduMapDemoUITests.swift in Sources */ = {isa = PBXBuildFile; fileRef = 3B07F474212E4D230036FD87 /* BaiduMapDemoUITests.swift */; };
/* End PBXBuildFile section */

/* Begin PBXContainerItemProxy section */
		3B07F466212E4D230036FD87 /* PBXContainerItemProxy */ = {
			isa = PBXContainerItemProxy;
			containerPortal = 3B07F449212E4D210036FD87 /* Project object */;
			proxyType = 1;
			remoteGlobalIDString = 3B07F450212E4D210036FD87;
			remoteInfo = BaiduMapDemo;
		};
		3B07F471212E4D230036FD87 /* PBXContainerItemProxy */ = {
			isa = PBXContainerItemProxy;
			containerPortal = 3B07F449212E4D210036FD87 /* Project object */;
			proxyType = 1;
			remoteGlobalIDString = 3B07F450212E4D210036FD87;
			remoteInfo = BaiduMapDemo;
		};
/* End PBXContainerItemProxy section */

/* Begin PBXFileReference section */
		3B07F451212E4D210036FD87 /* BaiduMapDemo.app */ = {isa = PBXFileReference; explicitFileType = wrapper.application; includeInIndex = 0; path = BaiduMapDemo.app; sourceTree = BUILT_PRODUCTS_DIR; };
		3B07F454212E4D210036FD87 /* AppDelegate.swift */ = {isa = PBXFileReference; lastKnownFileType = sourcecode.swift; path = AppDelegate.swift; sourceTree = "<group>"; };
		3B07F456212E4D210036FD87 /* ViewController.swift */ = {isa = PBXFileReference; lastKnownFileType = sourcecode.swift; path = ViewController.swift; sourceTree = "<group>"; };
		3B07F459212E4D210036FD87 /* Base */ = {isa = PBXFileReference; lastKnownFileType = file.storyboard; name = Base; path = Base.lproj/Main.storyboard; sourceTree = "<group>"; };
		3B07F45B212E4D220036FD87 /* Assets.xcassets */ = {isa = PBXFileReference; lastKnownFileType = folder.assetcatalog; path = Assets.xcassets; sourceTree = "<group>"; };
		3B07F45E212E4D220036FD87 /* Base */ = {isa = PBXFileReference; lastKnownFileType = file.storyboard; name = Base; path = Base.lproj/LaunchScreen.storyboard; sourceTree = "<group>"; };
		3B07F460212E4D220036FD87 /* Info.plist */ = {isa = PBXFileReference; lastKnownFileType = text.plist.xml; path = Info.plist; sourceTree = "<group>"; };
		3B07F465212E4D230036FD87 /* BaiduMapDemoTests.xctest */ = {isa = PBXFileReference; explicitFileType = wrapper.cfbundle; includeInIndex = 0; path = BaiduMapDemoTests.xctest; sourceTree = BUILT_PRODUCTS_DIR; };
		3B07F469212E4D230036FD87 /* BaiduMapDemoTests.swift */ = {isa = PBXFileReference; lastKnownFileType = sourcecode.swift; path = BaiduMapDemoTests.swift; sourceTree = "<group>"; };
		3B07F46B212E4D230036FD87 /* Info.plist */ = {isa = PBXFileReference; lastKnownFileType = text.plist.xml; path = Info.plist; sourceTree = "<group>"; };
		3B07F470212E4D230036FD87 /* BaiduMapDemoUITests.xctest */ = {isa = PBXFileReference; explicitFileType = wrapper.cfbundle; includeInIndex = 0; path = BaiduMapDemoUITests.xctest; sourceTree = BUILT_PRODUCTS_DIR; };
		3B07F474212E4D230036FD87 /* BaiduMapDemoUITests.swift */ = {isa = PBXFileReference; lastKnownFileType = sourcecode.swift; path = BaiduMapDemoUITests.swift; sourceTree = "<group>"; };
		3B07F476212E4D230036FD87 /* Info.plist */ = {isa = PBXFileReference; lastKnownFileType = text.plist.xml; path = Info.plist; sourceTree = "<group>"; };
/* End PBXFileReference section */

/* Begin PBXFrameworksBuildPhase section */
		3B07F44E212E4D210036FD87 /* Frameworks */ = {
			isa = PBXFrameworksBuildPhase;
			buildActionMask = 2147483647;
			files = (
			);
			runOnlyForDeploymentPostprocessing = 0;
		};
		3B07F462212E4D230036FD87 /* Frameworks */ = {
			isa = PBXFrameworksBuildPhase;
			buildActionMask = 2147483647;
			files = (
			);
			runOnlyForDeploymentPostprocessing = 0;
		};
		3B07F46D212E4D230036FD87 /* Frameworks */ = {
			isa = PBXFrameworksBuildPhase;
			buildActionMask = 2147483647;
			files = (
			);
			runOnlyForDeploymentPostprocessing = 0;
		};
/* End PBXFrameworksBuildPhase section */

/* Begin PBXGroup section */
		3B07F448212E4D210036FD87 = {
			isa = PBXGroup;
			children = (
				3B07F453212E4D210036FD87 /* BaiduMapDemo */,
				3B07F468212E4D230036FD87 /* BaiduMapDemoTests */,
				3B07F473212E4D230036FD87 /* BaiduMapDemoUITests */,
				3B07F452212E4D210036FD87 /* Products */,
			);
			sourceTree = "<group>";
		};
		3B07F452212E4D210036FD87 /* Products */ = {
			isa = PBXGroup;
			children = (
				3B07F451212E4D210036FD87 /* BaiduMapDemo.app */,
				3B07F465212E4D230036FD87 /* BaiduMapDemoTests.xctest */,
				3B07F470212E4D230036FD87 /* BaiduMapDemoUITests.xctest */,
			);
			name = Products;
			sourceTree = "<group>";
		};
		3B07F453212E4D210036FD87 /* BaiduMapDemo */ = {
			isa = PBXGroup;
			children = (
				3B07F454212E4D210036FD87 /* AppDelegate.swift */,
				3B07F456212E4D210036FD87 /* ViewController.swift */,
				3B07F458212E4D210036FD87 /* Main.storyboard */,
				3B07F45B212E4D220036FD87 /* Assets.xcassets */,
				3B07F45D212E4D220036FD87 /* LaunchScreen.storyboard */,
				3B07F460212E4D220036FD87 /* Info.plist */,
			);
			path = BaiduMapDemo;
			sourceTree = "<group>";
		};
		3B07F468212E4D230036FD87 /* BaiduMapDemoTests */ = {
			isa = PBXGroup;
			children = (
				3B07F469212E4D230036FD87 /* BaiduMapDemoTests.swift */,
				3B07F46B212E4D230036FD87 /* Info.plist */,
			);
			path = BaiduMapDemoTests;
			sourceTree = "<group>";
		};
		3B07F473212E4D230036FD87 /* BaiduMapDemoUITests */ = {
			isa = PBXGroup;
			children = (
				3B07F474212E4D230036FD87 /* BaiduMapDemoUITests.swift */,
				3B07F476212E4D230036FD87 /* Info.plist */,
			);
			path = BaiduMapDemoUITests;
			sourceTree = "<group>";
		};
/* End PBXGroup section */

/* Begin PBXNativeTarget section */
		3B07F450212E4D210036FD87 /* BaiduMapDemo */ = {
			isa = PBXNativeTarget;
			buildConfigurationList = 3B07F479212E4D230036FD87 /* Build configuration list for PBXNativeTarget "BaiduMapDemo" */;
			buildPhases = (
				3B07F44D212E4D210036FD87 /* Sources */,
				3B07F44E212E4D210036FD87 /* Frameworks */,
				3B07F44F212E4D210036FD87 /* Resources */,
			);
			buildRules = (
			);
			dependencies = (
			);
			name = BaiduMapDemo;
			productName = BaiduMapDemo;
			productReference = 3B07F451212E4D210036FD87 /* BaiduMapDemo.app */;
			productType = "com.apple.product-type.application";
		};
		3B07F464212E4D230036FD87 /* BaiduMapDemoTests */ = {
			isa = PBXNativeTarget;
			buildConfigurationList = 3B07F47C212E4D230036FD87 /* Build configuration list for PBXNativeTarget "BaiduMapDemoTests" */;
			buildPhases = (
				3B07F461212E4D230036FD87 /* Sources */,
				3B07F462212E4D230036FD87 /* Frameworks */,
				3B07F463212E4D230036FD87 /* Resources */,
			);
			buildRules = (
			);
			dependencies = (
				3B07F467212E4D230036FD87 /* PBXTargetDependency */,
			);
			name = BaiduMapDemoTests;
			productName = BaiduMapDemoTests;
			productReference = 3B07F465212E4D230036FD87 /* BaiduMapDemoTests.xctest */;
			productType = "com.apple.product-type.bundle.unit-test";
		};
		3B07F46F212E4D230036FD87 /* BaiduMapDemoUITests */ = {
			isa = PBXNativeTarget;
			buildConfigurationList = 3B07F47F212E4D230036FD87 /* Build configuration list for PBXNativeTarget "BaiduMapDemoUITests" */;
			buildPhases = (
				3B07F46C212E4D230036FD87 /* Sources */,
				3B07F46D212E4D230036FD87 /* Frameworks */,
				3B07F46E212E4D230036FD87 /* Resources */,
			);
			buildRules = (
			);
			dependencies = (
				3B07F472212E4D230036FD87 /* PBXTargetDependency */,
			);
			name = BaiduMapDemoUITests;
			productName = BaiduMapDemoUITests;
			productReference = 3B07F470212E4D230036FD87 /* BaiduMapDemoUITests.xctest */;
			productType = "com.apple.product-type.bundle.ui-testing";
		};
/* End PBXNativeTarget section */

/* Begin PBXProject section */
		3B07F449212E4D210036FD87 /* Project object */ = {
			isa = PBXProject;
			attributes = {
				LastSwiftUpdateCheck = 0940;
				LastUpgradeCheck = 0940;
				ORGANIZATIONNAME = ning;
				TargetAttributes = {
					3B07F450212E4D210036FD87 = {
						CreatedOnToolsVersion = 9.4.1;
					};
					3B07F464212E4D230036FD87 = {
						CreatedOnToolsVersion = 9.4.1;
						TestTargetID = 3B07F450212E4D210036FD87;
					};
					3B07F46F212E4D230036FD87 = {
						CreatedOnToolsVersion = 9.4.1;
						TestTargetID = 3B07F450212E4D210036FD87;
					};
				};
			};
			buildConfigurationList = 3B07F44C212E4D210036FD87 /* Build configuration list for PBXProject "BaiduMapDemo" */;
			compatibilityVersion = "Xcode 9.3";
			developmentRegion = en;
			hasScannedForEncodings = 0;
			knownRegions = (
				en,
				Base,
			);
			mainGroup = 3B07F448212E4D210036FD87;
			productRefGroup = 3B07F452212E4D210036FD87 /* Products */;
			projectDirPath = "";
			projectRoot = "";
			targets = (
				3B07F450212E4D210036FD87 /* BaiduMapDemo */,
				3B07F464212E4D230036FD87 /* BaiduMapDemoTests */,
				3B07F46F212E4D230036FD87 /* BaiduMapDemoUITests */,
			);
		};
/* End PBXProject section */

/* Begin PBXResourcesBuildPhase section */
		3B07F44F212E4D210036FD87 /* Resources */ = {
			isa = PBXResourcesBuildPhase;
			buildActionMask = 2147483647;
			files = (
				3B07F45F212E4D220036FD87 /* LaunchScreen.storyboard in Resources */,
				3B07F45C212E4D220036FD87 /* Assets.xcassets in Resources */,
				3B07F45A212E4D210036FD87 /* Main.storyboard in Resources */,
			);
			runOnlyForDeploymentPostprocessing = 0;
		};
		3B07F463212E4D230036FD87 /* Resources */ = {
			isa = PBXResourcesBuildPhase;
			buildActionMask = 2147483647;
			files = (
			);
			runOnlyForDeploymentPostprocessing = 0;
		};
		3B07F46E212E4D230036FD87 /* Resources */ = {
			isa = PBXResourcesBuildPhase;
			buildActionMask = 2147483647;
			files = (
			);
			runOnlyForDeploymentPostprocessing = 0;
		};
/* End PBXResourcesBuildPhase section */

/* Begin PBXSourcesBuildPhase section */
		3B07F44D212E4D210036FD87 /* Sources */ = {
			isa = PBXSourcesBuildPhase;
			buildActionMask = 2147483647;
			files = (
				3B07F457212E4D210036FD87 /* ViewController.swift in Sources */,
				3B07F455212E4D210036FD87 /* AppDelegate.swift in Sources */,
			);
			runOnlyForDeploymentPostprocessing = 0;
		};
		3B07F461212E4D230036FD87 /* Sources */ = {
			isa = PBXSourcesBuildPhase;
			buildActionMask = 2147483647;
			files = (
				3B07F46A212E4D230036FD87 /* BaiduMapDemoTests.swift in Sources */,
			);
			runOnlyForDeploymentPostprocessing = 0;
		};
		3B07F46C212E4D230036FD87 /* Sources */ = {
			isa = PBXSourcesBuildPhase;
			buildActionMask = 2147483647;
			files = (
				3B07F475212E4D230036FD87 /* BaiduMapDemoUITests.swift in Sources */,
			);
			runOnlyForDeploymentPostprocessing = 0;
		};
/* End PBXSourcesBuildPhase section */

/* Begin PBXTargetDependency section */
		3B07F467212E4D230036FD87 /* PBXTargetDependency */ = {
			isa = PBXTargetDependency;
			target = 3B07F450212E4D210036FD87 /* BaiduMapDemo */;
			targetProxy = 3B07F466212E4D230036FD87 /* PBXContainerItemProxy */;
		};
		3B07F472212E4D230036FD87 /* PBXTargetDependency */ = {
			isa = PBXTargetDependency;
			target = 3B07F450212E4D210036FD87 /* BaiduMapDemo */;
			targetProxy = 3B07F471212E4D230036FD87 /* PBXContainerItemProxy */;
		};
/* End PBXTargetDependency section */

/* Begin PBXVariantGroup section */
		3B07F458212E4D210036FD87 /* Main.storyboard */ = {
			isa = PBXVariantGroup;
			children = (
				3B07F459212E4D210036FD87 /* Base */,
			);
			name = Main.storyboard;
			sourceTree = "<group>";
		};
		3B07F45D212E4D220036FD87 /* LaunchScreen.storyboard */ = {
			isa = PBXVariantGroup;
			children = (
				3B07F45E212E4D220036FD87 /* Base */,
			);
			name = LaunchScreen.storyboard;
			sourceTree = "<group>";
		};
/* End PBXVariantGroup section */

/* Begin XCBuildConfiguration section */
		3B07F477212E4D230036FD87 /* Debug */ = {
			isa = XCBuildConfiguration;
			buildSettings = {
				ALWAYS_SEARCH_USER_PATHS = NO;
				CLANG_ANALYZER_NONNULL = YES;
				CLANG_ANALYZER_NUMBER_OBJECT_CONVERSION = YES_AGGRESSIVE;
				CLANG_CXX_LANGUAGE_STANDARD = "gnu++14";
				CLANG_CXX_LIBRARY = "libc++";
				CLANG_ENABLE_MODULES = YES;
				CLANG_ENABLE_OBJC_ARC = YES;
				CLANG_ENABLE_OBJC_WEAK = YES;
				CLANG_WARN_BLOCK_CAPTURE_AUTORELEASING = YES;
				CLANG_WARN_BOOL_CONVERSION = YES;
				CLANG_WARN_COMMA = YES;
				CLANG_WARN_CONSTANT_CONVERSION = YES;
				CLANG_WARN_DEPRECATED_OBJC_IMPLEMENTATIONS = YES;
				CLANG_WARN_DIRECT_OBJC_ISA_USAGE = YES_ERROR;
				CLANG_WARN_DOCUMENTATION_COMMENTS = YES;
				CLANG_WARN_EMPTY_BODY = YES;
				CLANG_WARN_ENUM_CONVERSION = YES;
				CLANG_WARN_INFINITE_RECURSION = YES;
				CLANG_WARN_INT_CONVERSION = YES;
				CLANG_WARN_NON_LITERAL_NULL_CONVERSION = YES;
				CLANG_WARN_OBJC_IMPLICIT_RETAIN_SELF = YES;
				CLANG_WARN_OBJC_LITERAL_CONVERSION = YES;
				CLANG_WARN_OBJC_ROOT_CLASS = YES_ERROR;
				CLANG_WARN_RANGE_LOOP_ANALYSIS = YES;
				CLANG_WARN_STRICT_PROTOTYPES = YES;
				CLANG_WARN_SUSPICIOUS_MOVE = YES;
				CLANG_WARN_UNGUARDED_AVAILABILITY = YES_AGGRESSIVE;
				CLANG_WARN_UNREACHABLE_CODE = YES;
				CLANG_WARN__DUPLICATE_METHOD_MATCH = YES;
				CODE_SIGN_IDENTITY = "iPhone Developer";
				COPY_PHASE_STRIP = NO;
				DEBUG_INFORMATION_FORMAT = dwarf;
				ENABLE_STRICT_OBJC_MSGSEND = YES;
				ENABLE_TESTABILITY = YES;
				GCC_C_LANGUAGE_STANDARD = gnu11;
				GCC_DYNAMIC_NO_PIC = NO;
				GCC_NO_COMMON_BLOCKS = YES;
				GCC_OPTIMIZATION_LEVEL = 0;
				GCC_PREPROCESSOR_DEFINITIONS = (
					"DEBUG=1",
					"$(inherited)",
				);
				GCC_WARN_64_TO_32_BIT_CONVERSION = YES;
				GCC_WARN_ABOUT_RETURN_TYPE = YES_ERROR;
				GCC_WARN_UNDECLARED_SELECTOR = YES;
				GCC_WARN_UNINITIALIZED_AUTOS = YES_AGGRESSIVE;
				GCC_WARN_UNUSED_FUNCTION = YES;
				GCC_WARN_UNUSED_VARIABLE = YES;
				IPHONEOS_DEPLOYMENT_TARGET = 11.4;
				MTL_ENABLE_DEBUG_INFO = YES;
				ONLY_ACTIVE_ARCH = YES;
				SDKROOT = iphoneos;
				SWIFT_ACTIVE_COMPILATION_CONDITIONS = DEBUG;
				SWIFT_OPTIMIZATION_LEVEL = "-Onone";
			};
			name = Debug;
		};
		3B07F478212E4D230036FD87 /* Release */ = {
			isa = XCBuildConfiguration;
			buildSettings = {
				ALWAYS_SEARCH_USER_PATHS = NO;
				CLANG_ANALYZER_NONNULL = YES;
				CLANG_ANALYZER_NUMBER_OBJECT_CONVERSION = YES_AGGRESSIVE;
				CLANG_CXX_LANGUAGE_STANDARD = "gnu++14";
				CLANG_CXX_LIBRARY = "libc++";
				CLANG_ENABLE_MODULES = YES;
				CLANG_ENABLE_OBJC_ARC = YES;
				CLANG_ENABLE_OBJC_WEAK = YES;
				CLANG_WARN_BLOCK_CAPTURE_AUTORELEASING = YES;
				CLANG_WARN_BOOL_CONVERSION = YES;
				CLANG_WARN_COMMA = YES;
				CLANG_WARN_CONSTANT_CONVERSION = YES;
				CLANG_WARN_DEPRECATED_OBJC_IMPLEMENTATIONS = YES;
				CLANG_WARN_DIRECT_OBJC_ISA_USAGE = YES_ERROR;
				CLANG_WARN_DOCUMENTATION_COMMENTS = YES;
				CLANG_WARN_EMPTY_BODY = YES;
				CLANG_WARN_ENUM_CONVERSION = YES;
				CLANG_WARN_INFINITE_RECURSION = YES;
				CLANG_WARN_INT_CONVERSION = YES;
				CLANG_WARN_NON_LITERAL_NULL_CONVERSION = YES;
				CLANG_WARN_OBJC_IMPLICIT_RETAIN_SELF = YES;
				CLANG_WARN_OBJC_LITERAL_CONVERSION = YES;
				CLANG_WARN_OBJC_ROOT_CLASS = YES_ERROR;
				CLANG_WARN_RANGE_LOOP_ANALYSIS = YES;
				CLANG_WARN_STRICT_PROTOTYPES = YES;
				CLANG_WARN_SUSPICIOUS_MOVE = YES;
				CLANG_WARN_UNGUARDED_AVAILABILITY = YES_AGGRESSIVE;
				CLANG_WARN_UNREACHABLE_CODE = YES;
				CLANG_WARN__DUPLICATE_METHOD_MATCH = YES;
				CODE_SIGN_IDENTITY = "iPhone Developer";
				COPY_PHASE_STRIP = NO;
				DEBUG_INFORMATION_FORMAT = "dwarf-with-dsym";
				ENABLE_NS_ASSERTIONS = NO;
				ENABLE_STRICT_OBJC_MSGSEND = YES;
				GCC_C_LANGUAGE_STANDARD = gnu11;
				GCC_NO_COMMON_BLOCKS = YES;
				GCC_WARN_64_TO_32_BIT_CONVERSION = YES;
				GCC_WARN_ABOUT_RETURN_TYPE = YES_ERROR;
				GCC_WARN_UNDECLARED_SELECTOR = YES;
				GCC_WARN_UNINITIALIZED_AUTOS = YES_AGGRESSIVE;
				GCC_WARN_UNUSED_FUNCTION = YES;
				GCC_WARN_UNUSED_VARIABLE = YES;
				IPHONEOS_DEPLOYMENT_TARGET = 11.4;
				MTL_ENABLE_DEBUG_INFO = NO;
				SDKROOT = iphoneos;
				SWIFT_COMPILATION_MODE = wholemodule;
				SWIFT_OPTIMIZATION_LEVEL = "-O";
				VALIDATE_PRODUCT = YES;
			};
			name = Release;
		};
		3B07F47A212E4D230036FD87 /* Debug */ = {
			isa = XCBuildConfiguration;
			buildSettings = {
				ASSETCATALOG_COMPILER_APPICON_NAME = AppIcon;
				CODE_SIGN_STYLE = Automatic;
				INFOPLIST_FILE = BaiduMapDemo/Info.plist;
				LD_RUNPATH_SEARCH_PATHS = (
					"$(inherited)",
					"@executable_path/Frameworks",
				);
				PRODUCT_BUNDLE_IDENTIFIER = com.ning.BaiduMapDemo;
				PRODUCT_NAME = "$(TARGET_NAME)";
				SWIFT_VERSION = 4.0;
				TARGETED_DEVICE_FAMILY = "1,2";
			};
			name = Debug;
		};
		3B07F47B212E4D230036FD87 /* Release */ = {
			isa = XCBuildConfiguration;
			buildSettings = {
				ASSETCATALOG_COMPILER_APPICON_NAME = AppIcon;
				CODE_SIGN_STYLE = Automatic;
				INFOPLIST_FILE = BaiduMapDemo/Info.plist;
				LD_RUNPATH_SEARCH_PATHS = (
					"$(inherited)",
					"@executable_path/Frameworks",
				);
				PRODUCT_BUNDLE_IDENTIFIER = com.ning.BaiduMapDemo;
				PRODUCT_NAME = "$(TARGET_NAME)";
				SWIFT_VERSION = 4.0;
				TARGETED_DEVICE_FAMILY = "1,2";
			};
			name = Release;
		};
		3B07F47D212E4D230036FD87 /* Debug */ = {
			isa = XCBuildConfiguration;
			buildSettings = {
				ALWAYS_EMBED_SWIFT_STANDARD_LIBRARIES = YES;
				BUNDLE_LOADER = "$(TEST_HOST)";
				CODE_SIGN_STYLE = Automatic;
				INFOPLIST_FILE = BaiduMapDemoTests/Info.plist;
				LD_RUNPATH_SEARCH_PATHS = (
					"$(inherited)",
					"@executable_path/Frameworks",
					"@loader_path/Frameworks",
				);
				PRODUCT_BUNDLE_IDENTIFIER = com.ning.BaiduMapDemoTests;
				PRODUCT_NAME = "$(TARGET_NAME)";
				SWIFT_VERSION = 4.0;
				TARGETED_DEVICE_FAMILY = "1,2";
				TEST_HOST = "$(BUILT_PRODUCTS_DIR)/BaiduMapDemo.app/BaiduMapDemo";
			};
			name = Debug;
		};
		3B07F47E212E4D230036FD87 /* Release */ = {
			isa = XCBuildConfiguration;
			buildSettings = {
				ALWAYS_EMBED_SWIFT_STANDARD_LIBRARIES = YES;
				BUNDLE_LOADER = "$(TEST_HOST)";
				CODE_SIGN_STYLE = Automatic;
				INFOPLIST_FILE = BaiduMapDemoTests/Info.plist;
				LD_RUNPATH_SEARCH_PATHS = (
					"$(inherited)",
					"@executable_path/Frameworks",
					"@loader_path/Frameworks",
				);
				PRODUCT_BUNDLE_IDENTIFIER = com.ning.BaiduMapDemoTests;
				PRODUCT_NAME = "$(TARGET_NAME)";
				SWIFT_VERSION = 4.0;
				TARGETED_DEVICE_FAMILY = "1,2";
				TEST_HOST = "$(BUILT_PRODUCTS_DIR)/BaiduMapDemo.app/BaiduMapDemo";
			};
			name = Release;
		};
		3B07F480212E4D230036FD87 /* Debug */ = {
			isa = XCBuildConfiguration;
			buildSettings = {
				ALWAYS_EMBED_SWIFT_STANDARD_LIBRARIES = YES;
				CODE_SIGN_STYLE = Automatic;
				INFOPLIST_FILE = BaiduMapDemoUITests/Info.plist;
				LD_RUNPATH_SEARCH_PATHS = (
					"$(inherited)",
					"@executable_path/Frameworks",
					"@loader_path/Frameworks",
				);
				PRODUCT_BUNDLE_IDENTIFIER = com.ning.BaiduMapDemoUITests;
				PRODUCT_NAME = "$(TARGET_NAME)";
				SWIFT_VERSION = 4.0;
				TARGETED_DEVICE_FAMILY = "1,2";
				TEST_TARGET_NAME = BaiduMapDemo;
			};
			name = Debug;
		};
		3B07F481212E4D230036FD87 /* Release */ = {
			isa = XCBuildConfiguration;
			buildSettings = {
				ALWAYS_EMBED_SWIFT_STANDARD_LIBRARIES = YES;
				CODE_SIGN_STYLE = Automatic;
				INFOPLIST_FILE = BaiduMapDemoUITests/Info.plist;
				LD_RUNPATH_SEARCH_PATHS = (
					"$(inherited)",
					"@executable_path/Frameworks",
					"@loader_path/Frameworks",
				);
				PRODUCT_BUNDLE_IDENTIFIER = com.ning.BaiduMapDemoUITests;
				PRODUCT_NAME = "$(TARGET_NAME)";
				SWIFT_VERSION = 4.0;
				TARGETED_DEVICE_FAMILY = "1,2";
				TEST_TARGET_NAME = BaiduMapDemo;
			};
			name = Release;
		};
/* End XCBuildConfiguration section */

/* Begin XCConfigurationList section */
		3B07F44C212E4D210036FD87 /* Build configuration list for PBXProject "BaiduMapDemo" */ = {
			isa = XCConfigurationList;
			buildConfigurations = (
				3B07F477212E4D230036FD87 /* Debug */,
				3B07F478212E4D230036FD87 /* Release */,
			);
			defaultConfigurationIsVisible = 0;
			defaultConfigurationName = Release;
		};
		3B07F479212E4D230036FD87 /* Build configuration list for PBXNativeTarget "BaiduMapDemo" */ = {
			isa = XCConfigurationList;
			buildConfigurations = (
				3B07F47A212E4D230036FD87 /* Debug */,
				3B07F47B212E4D230036FD87 /* Release */,
			);
			defaultConfigurationIsVisible = 0;
			defaultConfigurationName = Release;
		};
		3B07F47C212E4D230036FD87 /* Build configuration list for PBXNativeTarget "BaiduMapDemoTests" */ = {
			isa = XCConfigurationList;
			buildConfigurations = (
				3B07F47D212E4D230036FD87 /* Debug */,
				3B07F47E212E4D230036FD87 /* Release */,
			);
			defaultConfigurationIsVisible = 0;
			defaultConfigurationName = Release;
		};
		3B07F47F212E4D230036FD87 /* Build configuration list for PBXNativeTarget "BaiduMapDemoUITests" */ = {
			isa = XCConfigurationList;
			buildConfigurations = (
				3B07F480212E4D230036FD87 /* Debug */,
				3B07F481212E4D230036FD87 /* Release */,
			);
			defaultConfigurationIsVisible = 0;
			defaultConfigurationName = Release;
		};
/* End XCConfigurationList section */
	};
	rootObject = 3B07F449212E4D210036FD87 /* Project object */;
}
